{
    "version": 3,
    "terraform_version": "0.11.7",
    "serial": 16,
    "lineage": "1c986dc9-f739-2893-43d5-df5ff6f44ef9",
    "modules": [
        {
            "path": [
                "root"
            ],
            "outputs": {},
            "resources": {
                "aws_security_group.miniproject_elb_sg": {
                    "type": "aws_security_group",
                    "depends_on": [
                        "aws_vpc.miniproject"
                    ],
                    "primary": {
                        "id": "sg-1fd37357",
                        "attributes": {
                            "arn": "arn:aws:ec2:us-east-1:925434963821:security-group/sg-1fd37357",
                            "description": "Managed by Terraform",
                            "egress.#": "1",
                            "egress.482069346.cidr_blocks.#": "1",
                            "egress.482069346.cidr_blocks.0": "0.0.0.0/0",
                            "egress.482069346.description": "",
                            "egress.482069346.from_port": "0",
                            "egress.482069346.ipv6_cidr_blocks.#": "0",
                            "egress.482069346.prefix_list_ids.#": "0",
                            "egress.482069346.protocol": "-1",
                            "egress.482069346.security_groups.#": "0",
                            "egress.482069346.self": "false",
                            "egress.482069346.to_port": "0",
                            "id": "sg-1fd37357",
                            "ingress.#": "1",
                            "ingress.2214680975.cidr_blocks.#": "1",
                            "ingress.2214680975.cidr_blocks.0": "0.0.0.0/0",
                            "ingress.2214680975.description": "",
                            "ingress.2214680975.from_port": "80",
                            "ingress.2214680975.ipv6_cidr_blocks.#": "0",
                            "ingress.2214680975.protocol": "tcp",
                            "ingress.2214680975.security_groups.#": "0",
                            "ingress.2214680975.self": "false",
                            "ingress.2214680975.to_port": "80",
                            "name": "miniproject-elb-sg",
                            "owner_id": "925434963821",
                            "revoke_rules_on_delete": "false",
                            "tags.%": "0",
                            "vpc_id": "vpc-82d9f6f9"
                        },
                        "meta": {
                            "e2bfb730-ecaa-11e6-8f88-34363bc7c4c0": {
                                "create": 600000000000,
                                "delete": 600000000000
                            },
                            "schema_version": "1"
                        },
                        "tainted": false
                    },
                    "deposed": [],
                    "provider": "provider.aws"
                },
                "aws_subnet.subnet": {
                    "type": "aws_subnet",
                    "depends_on": [
                        "aws_vpc.miniproject"
                    ],
                    "primary": {
                        "id": "subnet-f8ec13d6",
                        "attributes": {
                            "assign_ipv6_address_on_creation": "false",
                            "availability_zone": "us-east-1c",
                            "cidr_block": "10.0.1.0/24",
                            "id": "subnet-f8ec13d6",
                            "map_public_ip_on_launch": "true",
                            "tags.%": "0",
                            "vpc_id": "vpc-82d9f6f9"
                        },
                        "meta": {
                            "schema_version": "1"
                        },
                        "tainted": false
                    },
                    "deposed": [],
                    "provider": "provider.aws"
                },
                "aws_vpc.miniproject": {
                    "type": "aws_vpc",
                    "depends_on": [],
                    "primary": {
                        "id": "vpc-82d9f6f9",
                        "attributes": {
                            "assign_generated_ipv6_cidr_block": "false",
                            "cidr_block": "10.0.0.0/16",
                            "default_network_acl_id": "acl-c675f8bc",
                            "default_route_table_id": "rtb-2b564557",
                            "default_security_group_id": "sg-15ce6e5d",
                            "dhcp_options_id": "dopt-d4ea6bad",
                            "enable_classiclink": "false",
                            "enable_classiclink_dns_support": "false",
                            "enable_dns_hostnames": "true",
                            "enable_dns_support": "true",
                            "id": "vpc-82d9f6f9",
                            "instance_tenancy": "default",
                            "main_route_table_id": "rtb-2b564557",
                            "tags.%": "1",
                            "tags.Name": "miniproject-vpc"
                        },
                        "meta": {
                            "schema_version": "1"
                        },
                        "tainted": false
                    },
                    "deposed": [],
                    "provider": "provider.aws"
                }
            },
            "depends_on": []
        }
    ]
}
